// !$*UTF8*$!
{
	archiveVersion = 1;
	classes = {
	};
	objectVersion = 46;
	objects = {

/* Begin PBXBuildFile section */
		348A6ABA1C72FBA900F75436 /* main.m in Sources */ = {isa = PBXBuildFile; fileRef = 348A6AB91C72FBA900F75436 /* main.m */; };
		348A6ABD1C72FBA900F75436 /* AppDelegate.m in Sources */ = {isa = PBXBuildFile; fileRef = 348A6ABC1C72FBA900F75436 /* AppDelegate.m */; };
		348A6AC01C72FBA900F75436 /* ViewController.m in Sources */ = {isa = PBXBuildFile; fileRef = 348A6ABF1C72FBA900F75436 /* ViewController.m */; };
		348A6AC31C72FBA900F75436 /* Main.storyboard in Resources */ = {isa = PBXBuildFile; fileRef = 348A6AC11C72FBA900F75436 /* Main.storyboard */; };
		348A6AC51C72FBA900F75436 /* Assets.xcassets in Resources */ = {isa = PBXBuildFile; fileRef = 348A6AC41C72FBA900F75436 /* Assets.xcassets */; };
		348A6AC81C72FBA900F75436 /* LaunchScreen.storyboard in Resources */ = {isa = PBXBuildFile; fileRef = 348A6AC61C72FBA900F75436 /* LaunchScreen.storyboard */; };
		348A6AD31C72FBA900F75436 /* CrazyEights3DTests.m in Sources */ = {isa = PBXBuildFile; fileRef = 348A6AD21C72FBA900F75436 /* CrazyEights3DTests.m */; };
		348A6ADE1C72FBA900F75436 /* CrazyEights3DUITests.m in Sources */ = {isa = PBXBuildFile; fileRef = 348A6ADD1C72FBA900F75436 /* CrazyEights3DUITests.m */; };
		34E025B51C7C2B35004EA495 /* Card.m in Sources */ = {isa = PBXBuildFile; fileRef = 34E025B41C7C2B35004EA495 /* Card.m */; };
		34E025BB1C7CC60E004EA495 /* Deck.m in Sources */ = {isa = PBXBuildFile; fileRef = 34E025BA1C7CC60E004EA495 /* Deck.m */; };
		34E025BD1C7D0577004EA495 /* Hand.m in Sources */ = {isa = PBXBuildFile; fileRef = 34E025BC1C7D0577004EA495 /* Hand.m */; };
		34E025BF1C7D136C004EA495 /* Player.m in Sources */ = {isa = PBXBuildFile; fileRef = 34E025BE1C7D136C004EA495 /* Player.m */; };
/* End PBXBuildFile section */

/* Begin PBXContainerItemProxy section */
		348A6ACF1C72FBA900F75436 /* PBXContainerItemProxy */ = {
			isa = PBXContainerItemProxy;
			containerPortal = 348A6AAD1C72FBA900F75436 /* Project object */;
			proxyType = 1;
			remoteGlobalIDString = 348A6AB41C72FBA900F75436;
			remoteInfo = CrazyEights3D;
		};
		348A6ADA1C72FBA900F75436 /* PBXContainerItemProxy */ = {
			isa = PBXContainerItemProxy;
			containerPortal = 348A6AAD1C72FBA900F75436 /* Project object */;
			proxyType = 1;
			remoteGlobalIDString = 348A6AB41C72FBA900F75436;
			remoteInfo = CrazyEights3D;
		};
/* End PBXContainerItemProxy section */

/* Begin PBXFileReference section */
		348A6AB51C72FBA900F75436 /* CrazyEights3D.app */ = {isa = PBXFileReference; explicitFileType = wrapper.application; includeInIndex = 0; path = CrazyEights3D.app; sourceTree = BUILT_PRODUCTS_DIR; };
		348A6AB91C72FBA900F75436 /* main.m */ = {isa = PBXFileReference; lastKnownFileType = sourcecode.c.objc; path = main.m; sourceTree = "<group>"; };
		348A6ABB1C72FBA900F75436 /* AppDelegate.h */ = {isa = PBXFileReference; lastKnownFileType = sourcecode.c.h; path = AppDelegate.h; sourceTree = "<group>"; };
		348A6ABC1C72FBA900F75436 /* AppDelegate.m */ = {isa = PBXFileReference; lastKnownFileType = sourcecode.c.objc; path = AppDelegate.m; sourceTree = "<group>"; };
		348A6ABE1C72FBA900F75436 /* ViewController.h */ = {isa = PBXFileReference; lastKnownFileType = sourcecode.c.h; path = ViewController.h; sourceTree = "<group>"; };
		348A6ABF1C72FBA900F75436 /* ViewController.m */ = {isa = PBXFileReference; lastKnownFileType = sourcecode.c.objc; path = ViewController.m; sourceTree = "<group>"; };
		348A6AC21C72FBA900F75436 /* Base */ = {isa = PBXFileReference; lastKnownFileType = file.storyboard; name = Base; path = Base.lproj/Main.storyboard; sourceTree = "<group>"; };
		348A6AC41C72FBA900F75436 /* Assets.xcassets */ = {isa = PBXFileReference; lastKnownFileType = folder.assetcatalog; path = Assets.xcassets; sourceTree = "<group>"; };
		348A6AC71C72FBA900F75436 /* Base */ = {isa = PBXFileReference; lastKnownFileType = file.storyboard; name = Base; path = Base.lproj/LaunchScreen.storyboard; sourceTree = "<group>"; };
		348A6AC91C72FBA900F75436 /* Info.plist */ = {isa = PBXFileReference; lastKnownFileType = text.plist.xml; path = Info.plist; sourceTree = "<group>"; };
		348A6ACE1C72FBA900F75436 /* CrazyEights3DTests.xctest */ = {isa = PBXFileReference; explicitFileType = wrapper.cfbundle; includeInIndex = 0; path = CrazyEights3DTests.xctest; sourceTree = BUILT_PRODUCTS_DIR; };
		348A6AD21C72FBA900F75436 /* CrazyEights3DTests.m */ = {isa = PBXFileReference; lastKnownFileType = sourcecode.c.objc; path = CrazyEights3DTests.m; sourceTree = "<group>"; };
		348A6AD41C72FBA900F75436 /* Info.plist */ = {isa = PBXFileReference; lastKnownFileType = text.plist.xml; path = Info.plist; sourceTree = "<group>"; };
		348A6AD91C72FBA900F75436 /* CrazyEights3DUITests.xctest */ = {isa = PBXFileReference; explicitFileType = wrapper.cfbundle; includeInIndex = 0; path = CrazyEights3DUITests.xctest; sourceTree = BUILT_PRODUCTS_DIR; };
		348A6ADD1C72FBA900F75436 /* CrazyEights3DUITests.m */ = {isa = PBXFileReference; lastKnownFileType = sourcecode.c.objc; path = CrazyEights3DUITests.m; sourceTree = "<group>"; };
		348A6ADF1C72FBA900F75436 /* Info.plist */ = {isa = PBXFileReference; lastKnownFileType = text.plist.xml; path = Info.plist; sourceTree = "<group>"; };
		34E025B41C7C2B35004EA495 /* Card.m */ = {isa = PBXFileReference; fileEncoding = 4; lastKnownFileType = sourcecode.c.objc; path = Card.m; sourceTree = "<group>"; };
		34E025B61C7C2BD6004EA495 /* Card.h */ = {isa = PBXFileReference; lastKnownFileType = sourcecode.c.h; path = Card.h; sourceTree = "<group>"; };
		34E025B71C7CC320004EA495 /* Player.h */ = {isa = PBXFileReference; lastKnownFileType = sourcecode.c.h; path = Player.h; sourceTree = "<group>"; };
		34E025B81C7CC3BB004EA495 /* Hand.h */ = {isa = PBXFileReference; lastKnownFileType = sourcecode.c.h; path = Hand.h; sourceTree = "<group>"; };
		34E025B91C7CC449004EA495 /* Deck.h */ = {isa = PBXFileReference; lastKnownFileType = sourcecode.c.h; path = Deck.h; sourceTree = "<group>"; };
		34E025BA1C7CC60E004EA495 /* Deck.m */ = {isa = PBXFileReference; fileEncoding = 4; lastKnownFileType = sourcecode.c.objc; path = Deck.m; sourceTree = "<group>"; };
		34E025BC1C7D0577004EA495 /* Hand.m */ = {isa = PBXFileReference; fileEncoding = 4; lastKnownFileType = sourcecode.c.objc; path = Hand.m; sourceTree = "<group>"; };
		34E025BE1C7D136C004EA495 /* Player.m */ = {isa = PBXFileReference; fileEncoding = 4; lastKnownFileType = sourcecode.c.objc; path = Player.m; sourceTree = "<group>"; };
/* End PBXFileReference section */

/* Begin PBXFrameworksBuildPhase section */
		348A6AB21C72FBA900F75436 /* Frameworks */ = {
			isa = PBXFrameworksBuildPhase;
			buildActionMask = 2147483647;
			files = (
			);
			runOnlyForDeploymentPostprocessing = 0;
		};
		348A6ACB1C72FBA900F75436 /* Frameworks */ = {
			isa = PBXFrameworksBuildPhase;
			buildActionMask = 2147483647;
			files = (
			);
			runOnlyForDeploymentPostprocessing = 0;
		};
		348A6AD61C72FBA900F75436 /* Frameworks */ = {
			isa = PBXFrameworksBuildPhase;
			buildActionMask = 2147483647;
			files = (
			);
			runOnlyForDeploymentPostprocessing = 0;
		};
/* End PBXFrameworksBuildPhase section */

/* Begin PBXGroup section */
		348A6AAC1C72FBA900F75436 = {
			isa = PBXGroup;
			children = (
				348A6AB71C72FBA900F75436 /* CrazyEights3D */,
				348A6AD11C72FBA900F75436 /* CrazyEights3DTests */,
				348A6ADC1C72FBA900F75436 /* CrazyEights3DUITests */,
				348A6AB61C72FBA900F75436 /* Products */,
			);
			sourceTree = "<group>";
		};
		348A6AB61C72FBA900F75436 /* Products */ = {
			isa = PBXGroup;
			children = (
				348A6AB51C72FBA900F75436 /* CrazyEights3D.app */,
				348A6ACE1C72FBA900F75436 /* CrazyEights3DTests.xctest */,
				348A6AD91C72FBA900F75436 /* CrazyEights3DUITests.xctest */,
			);
			name = Products;
			sourceTree = "<group>";
		};
		348A6AB71C72FBA900F75436 /* CrazyEights3D */ = {
			isa = PBXGroup;
			children = (
				34E025B31C7C2B18004EA495 /* Objects */,
				348A6ABB1C72FBA900F75436 /* AppDelegate.h */,
				348A6ABC1C72FBA900F75436 /* AppDelegate.m */,
				348A6ABE1C72FBA900F75436 /* ViewController.h */,
				348A6ABF1C72FBA900F75436 /* ViewController.m */,
				348A6AC11C72FBA900F75436 /* Main.storyboard */,
				348A6AC41C72FBA900F75436 /* Assets.xcassets */,
				348A6AC61C72FBA900F75436 /* LaunchScreen.storyboard */,
				348A6AC91C72FBA900F75436 /* Info.plist */,
				348A6AB81C72FBA900F75436 /* Supporting Files */,
			);
			path = CrazyEights3D;
			sourceTree = "<group>";
		};
		348A6AB81C72FBA900F75436 /* Supporting Files */ = {
			isa = PBXGroup;
			children = (
				348A6AB91C72FBA900F75436 /* main.m */,
			);
			name = "Supporting Files";
			sourceTree = "<group>";
		};
		348A6AD11C72FBA900F75436 /* CrazyEights3DTests */ = {
			isa = PBXGroup;
			children = (
				348A6AD21C72FBA900F75436 /* CrazyEights3DTests.m */,
				348A6AD41C72FBA900F75436 /* Info.plist */,
			);
			path = CrazyEights3DTests;
			sourceTree = "<group>";
		};
		348A6ADC1C72FBA900F75436 /* CrazyEights3DUITests */ = {
			isa = PBXGroup;
			children = (
				348A6ADD1C72FBA900F75436 /* CrazyEights3DUITests.m */,
				348A6ADF1C72FBA900F75436 /* Info.plist */,
			);
			path = CrazyEights3DUITests;
			sourceTree = "<group>";
		};
		34E025B31C7C2B18004EA495 /* Objects */ = {
			isa = PBXGroup;
			children = (
				34E025B61C7C2BD6004EA495 /* Card.h */,
				34E025B41C7C2B35004EA495 /* Card.m */,
				34E025B71C7CC320004EA495 /* Player.h */,
				34E025BE1C7D136C004EA495 /* Player.m */,
				34E025B81C7CC3BB004EA495 /* Hand.h */,
				34E025BC1C7D0577004EA495 /* Hand.m */,
				34E025B91C7CC449004EA495 /* Deck.h */,
				34E025BA1C7CC60E004EA495 /* Deck.m */,
			);
			name = Objects;
			sourceTree = "<group>";
		};
/* End PBXGroup section */

/* Begin PBXNativeTarget section */
		348A6AB41C72FBA900F75436 /* CrazyEights3D */ = {
			isa = PBXNativeTarget;
			buildConfigurationList = 348A6AE21C72FBA900F75436 /* Build configuration list for PBXNativeTarget "CrazyEights3D" */;
			buildPhases = (
				348A6AB11C72FBA900F75436 /* Sources */,
				348A6AB21C72FBA900F75436 /* Frameworks */,
				348A6AB31C72FBA900F75436 /* Resources */,
			);
			buildRules = (
			);
			dependencies = (
			);
			name = CrazyEights3D;
			productName = CrazyEights3D;
			productReference = 348A6AB51C72FBA900F75436 /* CrazyEights3D.app */;
			productType = "com.apple.product-type.application";
		};
		348A6ACD1C72FBA900F75436 /* CrazyEights3DTests */ = {
			isa = PBXNativeTarget;
			buildConfigurationList = 348A6AE51C72FBA900F75436 /* Build configuration list for PBXNativeTarget "CrazyEights3DTests" */;
			buildPhases = (
				348A6ACA1C72FBA900F75436 /* Sources */,
				348A6ACB1C72FBA900F75436 /* Frameworks */,
				348A6ACC1C72FBA900F75436 /* Resources */,
			);
			buildRules = (
			);
			dependencies = (
				348A6AD01C72FBA900F75436 /* PBXTargetDependency */,
			);
			name = CrazyEights3DTests;
			productName = CrazyEights3DTests;
			productReference = 348A6ACE1C72FBA900F75436 /* CrazyEights3DTests.xctest */;
			productType = "com.apple.product-type.bundle.unit-test";
		};
		348A6AD81C72FBA900F75436 /* CrazyEights3DUITests */ = {
			isa = PBXNativeTarget;
			buildConfigurationList = 348A6AE81C72FBA900F75436 /* Build configuration list for PBXNativeTarget "CrazyEights3DUITests" */;
			buildPhases = (
				348A6AD51C72FBA900F75436 /* Sources */,
				348A6AD61C72FBA900F75436 /* Frameworks */,
				348A6AD71C72FBA900F75436 /* Resources */,
			);
			buildRules = (
			);
			dependencies = (
				348A6ADB1C72FBA900F75436 /* PBXTargetDependency */,
			);
			name = CrazyEights3DUITests;
			productName = CrazyEights3DUITests;
			productReference = 348A6AD91C72FBA900F75436 /* CrazyEights3DUITests.xctest */;
			productType = "com.apple.product-type.bundle.ui-testing";
		};
/* End PBXNativeTarget section */

/* Begin PBXProject section */
		348A6AAD1C72FBA900F75436 /* Project object */ = {
			isa = PBXProject;
			attributes = {
				LastUpgradeCheck = 0720;
				ORGANIZATIONNAME = "Mao Sato";
				TargetAttributes = {
					348A6AB41C72FBA900F75436 = {
						CreatedOnToolsVersion = 7.2.1;
					};
					348A6ACD1C72FBA900F75436 = {
						CreatedOnToolsVersion = 7.2.1;
						TestTargetID = 348A6AB41C72FBA900F75436;
					};
					348A6AD81C72FBA900F75436 = {
						CreatedOnToolsVersion = 7.2.1;
						TestTargetID = 348A6AB41C72FBA900F75436;
					};
				};
			};
			buildConfigurationList = 348A6AB01C72FBA900F75436 /* Build configuration list for PBXProject "CrazyEights3D" */;
			compatibilityVersion = "Xcode 3.2";
			developmentRegion = English;
			hasScannedForEncodings = 0;
			knownRegions = (
				en,
				Base,
			);
			mainGroup = 348A6AAC1C72FBA900F75436;
			productRefGroup = 348A6AB61C72FBA900F75436 /* Products */;
			projectDirPath = "";
			projectRoot = "";
			targets = (
				348A6AB41C72FBA900F75436 /* CrazyEights3D */,
				348A6ACD1C72FBA900F75436 /* CrazyEights3DTests */,
				348A6AD81C72FBA900F75436 /* CrazyEights3DUITests */,
			);
		};
/* End PBXProject section */

/* Begin PBXResourcesBuildPhase section */
		348A6AB31C72FBA900F75436 /* Resources */ = {
			isa = PBXResourcesBuildPhase;
			buildActionMask = 2147483647;
			files = (
				348A6AC81C72FBA900F75436 /* LaunchScreen.storyboard in Resources */,
				348A6AC51C72FBA900F75436 /* Assets.xcassets in Resources */,
				348A6AC31C72FBA900F75436 /* Main.storyboard in Resources */,
			);
			runOnlyForDeploymentPostprocessing = 0;
		};
		348A6ACC1C72FBA900F75436 /* Resources */ = {
			isa = PBXResourcesBuildPhase;
			buildActionMask = 2147483647;
			files = (
			);
			runOnlyForDeploymentPostprocessing = 0;
		};
		348A6AD71C72FBA900F75436 /* Resources */ = {
			isa = PBXResourcesBuildPhase;
			buildActionMask = 2147483647;
			files = (
			);
			runOnlyForDeploymentPostprocessing = 0;
		};
/* End PBXResourcesBuildPhase section */

/* Begin PBXSourcesBuildPhase section */
		348A6AB11C72FBA900F75436 /* Sources */ = {
			isa = PBXSourcesBuildPhase;
			buildActionMask = 2147483647;
			files = (
				34E025BD1C7D0577004EA495 /* Hand.m in Sources */,
				34E025BB1C7CC60E004EA495 /* Deck.m in Sources */,
				348A6AC01C72FBA900F75436 /* ViewController.m in Sources */,
				348A6ABD1C72FBA900F75436 /* AppDelegate.m in Sources */,
				348A6ABA1C72FBA900F75436 /* main.m in Sources */,
				34E025BF1C7D136C004EA495 /* Player.m in Sources */,
				34E025B51C7C2B35004EA495 /* Card.m in Sources */,
			);
			runOnlyForDeploymentPostprocessing = 0;
		};
		348A6ACA1C72FBA900F75436 /* Sources */ = {
			isa = PBXSourcesBuildPhase;
			buildActionMask = 2147483647;
			files = (
				348A6AD31C72FBA900F75436 /* CrazyEights3DTests.m in Sources */,
			);
			runOnlyForDeploymentPostprocessing = 0;
		};
		348A6AD51C72FBA900F75436 /* Sources */ = {
			isa = PBXSourcesBuildPhase;
			buildActionMask = 2147483647;
			files = (
				348A6ADE1C72FBA900F75436 /* CrazyEights3DUITests.m in Sources */,
			);
			runOnlyForDeploymentPostprocessing = 0;
		};
/* End PBXSourcesBuildPhase section */

/* Begin PBXTargetDependency section */
		348A6AD01C72FBA900F75436 /* PBXTargetDependency */ = {
			isa = PBXTargetDependency;
			target = 348A6AB41C72FBA900F75436 /* CrazyEights3D */;
			targetProxy = 348A6ACF1C72FBA900F75436 /* PBXContainerItemProxy */;
		};
		348A6ADB1C72FBA900F75436 /* PBXTargetDependency */ = {
			isa = PBXTargetDependency;
			target = 348A6AB41C72FBA900F75436 /* CrazyEights3D */;
			targetProxy = 348A6ADA1C72FBA900F75436 /* PBXContainerItemProxy */;
		};
/* End PBXTargetDependency section */

/* Begin PBXVariantGroup section */
		348A6AC11C72FBA900F75436 /* Main.storyboard */ = {
			isa = PBXVariantGroup;
			children = (
				348A6AC21C72FBA900F75436 /* Base */,
			);
			name = Main.storyboard;
			sourceTree = "<group>";
		};
		348A6AC61C72FBA900F75436 /* LaunchScreen.storyboard */ = {
			isa = PBXVariantGroup;
			children = (
				348A6AC71C72FBA900F75436 /* Base */,
			);
			name = LaunchScreen.storyboard;
			sourceTree = "<group>";
		};
/* End PBXVariantGroup section */

/* Begin XCBuildConfiguration section */
		348A6AE01C72FBA900F75436 /* Debug */ = {
			isa = XCBuildConfiguration;
			buildSettings = {
				ALWAYS_SEARCH_USER_PATHS = NO;
				CLANG_CXX_LANGUAGE_STANDARD = "gnu++0x";
				CLANG_CXX_LIBRARY = "libc++";
				CLANG_ENABLE_MODULES = YES;
				CLANG_ENABLE_OBJC_ARC = YES;
				CLANG_WARN_BOOL_CONVERSION = YES;
				CLANG_WARN_CONSTANT_CONVERSION = YES;
				CLANG_WARN_DIRECT_OBJC_ISA_USAGE = YES_ERROR;
				CLANG_WARN_EMPTY_BODY = YES;
				CLANG_WARN_ENUM_CONVERSION = YES;
				CLANG_WARN_INT_CONVERSION = YES;
				CLANG_WARN_OBJC_ROOT_CLASS = YES_ERROR;
				CLANG_WARN_UNREACHABLE_CODE = YES;
				CLANG_WARN__DUPLICATE_METHOD_MATCH = YES;
				"CODE_SIGN_IDENTITY[sdk=iphoneos*]" = "iPhone Developer";
				COPY_PHASE_STRIP = NO;
				DEBUG_INFORMATION_FORMAT = dwarf;
				ENABLE_STRICT_OBJC_MSGSEND = YES;
				ENABLE_TESTABILITY = YES;
				GCC_C_LANGUAGE_STANDARD = gnu99;
				GCC_DYNAMIC_NO_PIC = NO;
				GCC_NO_COMMON_BLOCKS = YES;
				GCC_OPTIMIZATION_LEVEL = 0;
				GCC_PREPROCESSOR_DEFINITIONS = (
					"DEBUG=1",
					"$(inherited)",
				);
				GCC_WARN_64_TO_32_BIT_CONVERSION = YES;
				GCC_WARN_ABOUT_RETURN_TYPE = YES_ERROR;
				GCC_WARN_UNDECLARED_SELECTOR = YES;
				GCC_WARN_UNINITIALIZED_AUTOS = YES_AGGRESSIVE;
				GCC_WARN_UNUSED_FUNCTION = YES;
				GCC_WARN_UNUSED_VARIABLE = YES;
				IPHONEOS_DEPLOYMENT_TARGET = 9.2;
				MTL_ENABLE_DEBUG_INFO = YES;
				ONLY_ACTIVE_ARCH = YES;
				SDKROOT = iphoneos;
				TARGETED_DEVICE_FAMILY = "1,2";
			};
			name = Debug;
		};
		348A6AE11C72FBA900F75436 /* Release */ = {
			isa = XCBuildConfiguration;
			buildSettings = {
				ALWAYS_SEARCH_USER_PATHS = NO;
				CLANG_CXX_LANGUAGE_STANDARD = "gnu++0x";
				CLANG_CXX_LIBRARY = "libc++";
				CLANG_ENABLE_MODULES = YES;
				CLANG_ENABLE_OBJC_ARC = YES;
				CLANG_WARN_BOOL_CONVERSION = YES;
				CLANG_WARN_CONSTANT_CONVERSION = YES;
				CLANG_WARN_DIRECT_OBJC_ISA_USAGE = YES_ERROR;
				CLANG_WARN_EMPTY_BODY = YES;
				CLANG_WARN_ENUM_CONVERSION = YES;
				CLANG_WARN_INT_CONVERSION = YES;
				CLANG_WARN_OBJC_ROOT_CLASS = YES_ERROR;
				CLANG_WARN_UNREACHABLE_CODE = YES;
				CLANG_WARN__DUPLICATE_METHOD_MATCH = YES;
				"CODE_SIGN_IDENTITY[sdk=iphoneos*]" = "iPhone Developer";
				COPY_PHASE_STRIP = NO;
				DEBUG_INFORMATION_FORMAT = "dwarf-with-dsym";
				ENABLE_NS_ASSERTIONS = NO;
				ENABLE_STRICT_OBJC_MSGSEND = YES;
				GCC_C_LANGUAGE_STANDARD = gnu99;
				GCC_NO_COMMON_BLOCKS = YES;
				GCC_WARN_64_TO_32_BIT_CONVERSION = YES;
				GCC_WARN_ABOUT_RETURN_TYPE = YES_ERROR;
				GCC_WARN_UNDECLARED_SELECTOR = YES;
				GCC_WARN_UNINITIALIZED_AUTOS = YES_AGGRESSIVE;
				GCC_WARN_UNUSED_FUNCTION = YES;
				GCC_WARN_UNUSED_VARIABLE = YES;
				IPHONEOS_DEPLOYMENT_TARGET = 9.2;
				MTL_ENABLE_DEBUG_INFO = NO;
				SDKROOT = iphoneos;
				TARGETED_DEVICE_FAMILY = "1,2";
				VALIDATE_PRODUCT = YES;
			};
			name = Release;
		};
		348A6AE31C72FBA900F75436 /* Debug */ = {
			isa = XCBuildConfiguration;
			buildSettings = {
				ASSETCATALOG_COMPILER_APPICON_NAME = AppIcon;
				INFOPLIST_FILE = CrazyEights3D/Info.plist;
				LD_RUNPATH_SEARCH_PATHS = "$(inherited) @executable_path/Frameworks";
				PRODUCT_BUNDLE_IDENTIFIER = bcit.comp7401.CrazyEights3D;
				PRODUCT_NAME = "$(TARGET_NAME)";
			};
			name = Debug;
		};
		348A6AE41C72FBA900F75436 /* Release */ = {
			isa = XCBuildConfiguration;
			buildSettings = {
				ASSETCATALOG_COMPILER_APPICON_NAME = AppIcon;
				INFOPLIST_FILE = CrazyEights3D/Info.plist;
				LD_RUNPATH_SEARCH_PATHS = "$(inherited) @executable_path/Frameworks";
				PRODUCT_BUNDLE_IDENTIFIER = bcit.comp7401.CrazyEights3D;
				PRODUCT_NAME = "$(TARGET_NAME)";
			};
			name = Release;
		};
		348A6AE61C72FBA900F75436 /* Debug */ = {
			isa = XCBuildConfiguration;
			buildSettings = {
				BUNDLE_LOADER = "$(TEST_HOST)";
				INFOPLIST_FILE = CrazyEights3DTests/Info.plist;
				LD_RUNPATH_SEARCH_PATHS = "$(inherited) @executable_path/Frameworks @loader_path/Frameworks";
				PRODUCT_BUNDLE_IDENTIFIER = bcit.comp7401.CrazyEights3DTests;
				PRODUCT_NAME = "$(TARGET_NAME)";
				TEST_HOST = "$(BUILT_PRODUCTS_DIR)/CrazyEights3D.app/CrazyEights3D";
			};
			name = Debug;
		};
		348A6AE71C72FBA900F75436 /* Release */ = {
			isa = XCBuildConfiguration;
			buildSettings = {
				BUNDLE_LOADER = "$(TEST_HOST)";
				INFOPLIST_FILE = CrazyEights3DTests/Info.plist;
				LD_RUNPATH_SEARCH_PATHS = "$(inherited) @executable_path/Frameworks @loader_path/Frameworks";
				PRODUCT_BUNDLE_IDENTIFIER = bcit.comp7401.CrazyEights3DTests;
				PRODUCT_NAME = "$(TARGET_NAME)";
				TEST_HOST = "$(BUILT_PRODUCTS_DIR)/CrazyEights3D.app/CrazyEights3D";
			};
			name = Release;
		};
		348A6AE91C72FBA900F75436 /* Debug */ = {
			isa = XCBuildConfiguration;
			buildSettings = {
				INFOPLIST_FILE = CrazyEights3DUITests/Info.plist;
				LD_RUNPATH_SEARCH_PATHS = "$(inherited) @executable_path/Frameworks @loader_path/Frameworks";
				PRODUCT_BUNDLE_IDENTIFIER = bcit.comp7401.CrazyEights3DUITests;
				PRODUCT_NAME = "$(TARGET_NAME)";
				TEST_TARGET_NAME = CrazyEights3D;
				USES_XCTRUNNER = YES;
			};
			name = Debug;
		};
		348A6AEA1C72FBA900F75436 /* Release */ = {
			isa = XCBuildConfiguration;
			buildSettings = {
				INFOPLIST_FILE = CrazyEights3DUITests/Info.plist;
				LD_RUNPATH_SEARCH_PATHS = "$(inherited) @executable_path/Frameworks @loader_path/Frameworks";
				PRODUCT_BUNDLE_IDENTIFIER = bcit.comp7401.CrazyEights3DUITests;
				PRODUCT_NAME = "$(TARGET_NAME)";
				TEST_TARGET_NAME = CrazyEights3D;
				USES_XCTRUNNER = YES;
			};
			name = Release;
		};
/* End XCBuildConfiguration section */

/* Begin XCConfigurationList section */
		348A6AB01C72FBA900F75436 /* Build configuration list for PBXProject "CrazyEights3D" */ = {
			isa = XCConfigurationList;
			buildConfigurations = (
				348A6AE01C72FBA900F75436 /* Debug */,
				348A6AE11C72FBA900F75436 /* Release */,
			);
			defaultConfigurationIsVisible = 0;
			defaultConfigurationName = Release;
		};
		348A6AE21C72FBA900F75436 /* Build configuration list for PBXNativeTarget "CrazyEights3D" */ = {
			isa = XCConfigurationList;
			buildConfigurations = (
				348A6AE31C72FBA900F75436 /* Debug */,
				348A6AE41C72FBA900F75436 /* Release */,
			);
			defaultConfigurationIsVisible = 0;
			defaultConfigurationName = Release;
		};
		348A6AE51C72FBA900F75436 /* Build configuration list for PBXNativeTarget "CrazyEights3DTests" */ = {
			isa = XCConfigurationList;
			buildConfigurations = (
				348A6AE61C72FBA900F75436 /* Debug */,
				348A6AE71C72FBA900F75436 /* Release */,
			);
			defaultConfigurationIsVisible = 0;
			defaultConfigurationName = Release;
		};
		348A6AE81C72FBA900F75436 /* Build configuration list for PBXNativeTarget "CrazyEights3DUITests" */ = {
			isa = XCConfigurationList;
			buildConfigurations = (
				348A6AE91C72FBA900F75436 /* Debug */,
				348A6AEA1C72FBA900F75436 /* Release */,
			);
			defaultConfigurationIsVisible = 0;
			defaultConfigurationName = Release;
		};
/* End XCConfigurationList section */
	};
	rootObject = 348A6AAD1C72FBA900F75436 /* Project object */;
}
